Microsoft Visual Studio Solution File, Format Version 12.00
# Visual Studio Version 17
VisualStudioVersion = 17.5.2.0
MinimumVisualStudioVersion = 10.0.40219.1
Project("{2150E333-8FDC-42A3-9474-1A3956D46DE8}") = "lab_3", "lab_3", "{D9DF51A2-E14C-8E18-7DA2-2DE3B98B07FC}"
EndProject
Project("{FAE04EC0-301F-11D3-BF4B-00C04F79EFBC}") = "MinesweeperCalculator", "lab_3\pr1\MinesweeperCalculator.csproj", "{6ACF7531-56BE-3279-2C2D-AE397C9759D2}"
EndProject
Global
	GlobalSection(SolutionConfigurationPlatforms) = preSolution
		Debug|Any CPU = Debug|Any CPU
		Release|Any CPU = Release|Any CPU
	EndGlobalSection
	GlobalSection(ProjectConfigurationPlatforms) = postSolution
		{6ACF7531-56BE-3279-2C2D-AE397C9759D2}.Debug|Any CPU.ActiveCfg = Debug|Any CPU
		{6ACF7531-56BE-3279-2C2D-AE397C9759D2}.Debug|Any CPU.Build.0 = Debug|Any CPU
		{6ACF7531-56BE-3279-2C2D-AE397C9759D2}.Release|Any CPU.ActiveCfg = Release|Any CPU
		{6ACF7531-56BE-3279-2C2D-AE397C9759D2}.Release|Any CPU.Build.0 = Release|Any CPU
	EndGlobalSection
	GlobalSection(SolutionProperties) = preSolution
		HideSolutionNode = FALSE
	EndGlobalSection
	GlobalSection(NestedProjects) = preSolution
		{6ACF7531-56BE-3279-2C2D-AE397C9759D2} = {D9DF51A2-E14C-8E18-7DA2-2DE3B98B07FC}
	EndGlobalSection
	GlobalSection(ExtensibilityGlobals) = postSolution
		SolutionGuid = {817761EA-C29B-463F-AA2C-703C50A95005}
	EndGlobalSection
EndGlobal
